// !$*UTF8*$!
{
	archiveVersion = 1;
	classes = {
	};
	objectVersion = 46;
	objects = {

/* Begin PBXBuildFile section */
		F95144401CA5BBEB0027AA33 /* AppDelegate.swift in Sources */ = {isa = PBXBuildFile; fileRef = F951443F1CA5BBEB0027AA33 /* AppDelegate.swift */; };
		F95144451CA5BBEB0027AA33 /* Main.storyboard in Resources */ = {isa = PBXBuildFile; fileRef = F95144431CA5BBEB0027AA33 /* Main.storyboard */; };
		F95144471CA5BBEB0027AA33 /* Assets.xcassets in Resources */ = {isa = PBXBuildFile; fileRef = F95144461CA5BBEB0027AA33 /* Assets.xcassets */; };
		F951444A1CA5BBEB0027AA33 /* LaunchScreen.storyboard in Resources */ = {isa = PBXBuildFile; fileRef = F95144481CA5BBEB0027AA33 /* LaunchScreen.storyboard */; };
		F95144561CA5BC8F0027AA33 /* Fabric.framework in Frameworks */ = {isa = PBXBuildFile; fileRef = F95144521CA5BC8F0027AA33 /* Fabric.framework */; };
		F95144571CA5BC8F0027AA33 /* TwitterKit.framework in Frameworks */ = {isa = PBXBuildFile; fileRef = F95144531CA5BC8F0027AA33 /* TwitterKit.framework */; };
		F95144581CA5BC8F0027AA33 /* TwitterKitResources.bundle in Resources */ = {isa = PBXBuildFile; fileRef = F95144541CA5BC8F0027AA33 /* TwitterKitResources.bundle */; };
		F95144591CA5BC8F0027AA33 /* TwitterCore.framework in Frameworks */ = {isa = PBXBuildFile; fileRef = F95144551CA5BC8F0027AA33 /* TwitterCore.framework */; };
		F9CFE4331CA5D6B20066BB47 /* UserTimelineViewController.swift in Sources */ = {isa = PBXBuildFile; fileRef = F9CFE4321CA5D6B20066BB47 /* UserTimelineViewController.swift */; };
/* End PBXBuildFile section */

/* Begin PBXFileReference section */
		F951443C1CA5BBE90027AA33 /* TwitterFabric.app */ = {isa = PBXFileReference; explicitFileType = wrapper.application; includeInIndex = 0; path = TwitterFabric.app; sourceTree = BUILT_PRODUCTS_DIR; };
		F951443F1CA5BBEB0027AA33 /* AppDelegate.swift */ = {isa = PBXFileReference; lastKnownFileType = sourcecode.swift; path = AppDelegate.swift; sourceTree = "<group>"; };
		F95144441CA5BBEB0027AA33 /* Base */ = {isa = PBXFileReference; lastKnownFileType = file.storyboard; name = Base; path = Base.lproj/Main.storyboard; sourceTree = "<group>"; };
		F95144461CA5BBEB0027AA33 /* Assets.xcassets */ = {isa = PBXFileReference; lastKnownFileType = folder.assetcatalog; path = Assets.xcassets; sourceTree = "<group>"; };
		F95144491CA5BBEB0027AA33 /* Base */ = {isa = PBXFileReference; lastKnownFileType = file.storyboard; name = Base; path = Base.lproj/LaunchScreen.storyboard; sourceTree = "<group>"; };
		F951444B1CA5BBEB0027AA33 /* Info.plist */ = {isa = PBXFileReference; lastKnownFileType = text.plist.xml; path = Info.plist; sourceTree = "<group>"; };
		F95144521CA5BC8F0027AA33 /* Fabric.framework */ = {isa = PBXFileReference; lastKnownFileType = wrapper.framework; path = Fabric.framework; sourceTree = "<group>"; };
		F95144531CA5BC8F0027AA33 /* TwitterKit.framework */ = {isa = PBXFileReference; lastKnownFileType = wrapper.framework; path = TwitterKit.framework; sourceTree = "<group>"; };
		F95144541CA5BC8F0027AA33 /* TwitterKitResources.bundle */ = {isa = PBXFileReference; lastKnownFileType = "wrapper.plug-in"; name = TwitterKitResources.bundle; path = TwitterKit.framework/Versions/A/Resources/TwitterKitResources.bundle; sourceTree = "<group>"; };
		F95144551CA5BC8F0027AA33 /* TwitterCore.framework */ = {isa = PBXFileReference; lastKnownFileType = wrapper.framework; path = TwitterCore.framework; sourceTree = "<group>"; };
		F9CFE4321CA5D6B20066BB47 /* UserTimelineViewController.swift */ = {isa = PBXFileReference; fileEncoding = 4; lastKnownFileType = sourcecode.swift; path = UserTimelineViewController.swift; sourceTree = "<group>"; };
/* End PBXFileReference section */

/* Begin PBXFrameworksBuildPhase section */
		F95144391CA5BBE90027AA33 /* Frameworks */ = {
			isa = PBXFrameworksBuildPhase;
			buildActionMask = 2147483647;
			files = (
				F95144561CA5BC8F0027AA33 /* Fabric.framework in Frameworks */,
				F95144591CA5BC8F0027AA33 /* TwitterCore.framework in Frameworks */,
				F95144571CA5BC8F0027AA33 /* TwitterKit.framework in Frameworks */,
			);
			runOnlyForDeploymentPostprocessing = 0;
		};
/* End PBXFrameworksBuildPhase section */

/* Begin PBXGroup section */
		F95144331CA5BBE90027AA33 = {
			isa = PBXGroup;
			children = (
				F95144521CA5BC8F0027AA33 /* Fabric.framework */,
				F95144531CA5BC8F0027AA33 /* TwitterKit.framework */,
				F95144541CA5BC8F0027AA33 /* TwitterKitResources.bundle */,
				F95144551CA5BC8F0027AA33 /* TwitterCore.framework */,
				F951443E1CA5BBEB0027AA33 /* TwitterFabric */,
				F951443D1CA5BBE90027AA33 /* Products */,
			);
			sourceTree = "<group>";
		};
		F951443D1CA5BBE90027AA33 /* Products */ = {
			isa = PBXGroup;
			children = (
				F951443C1CA5BBE90027AA33 /* TwitterFabric.app */,
			);
			name = Products;
			sourceTree = "<group>";
		};
		F951443E1CA5BBEB0027AA33 /* TwitterFabric */ = {
			isa = PBXGroup;
			children = (
				F951443F1CA5BBEB0027AA33 /* AppDelegate.swift */,
				F9CFE4321CA5D6B20066BB47 /* UserTimelineViewController.swift */,
				F95144431CA5BBEB0027AA33 /* Main.storyboard */,
				F95144461CA5BBEB0027AA33 /* Assets.xcassets */,
				F95144481CA5BBEB0027AA33 /* LaunchScreen.storyboard */,
				F951444B1CA5BBEB0027AA33 /* Info.plist */,
			);
			path = TwitterFabric;
			sourceTree = "<group>";
		};
/* End PBXGroup section */

/* Begin PBXNativeTarget section */
		F951443B1CA5BBE90027AA33 /* TwitterFabric */ = {
			isa = PBXNativeTarget;
			buildConfigurationList = F951444E1CA5BBEB0027AA33 /* Build configuration list for PBXNativeTarget "TwitterFabric" */;
			buildPhases = (
				F95144381CA5BBE90027AA33 /* Sources */,
				F95144391CA5BBE90027AA33 /* Frameworks */,
				F951443A1CA5BBE90027AA33 /* Resources */,
				F95144511CA5BC260027AA33 /* ShellScript */,
			);
			buildRules = (
			);
			dependencies = (
			);
			name = TwitterFabric;
			productName = TwitterFabric;
			productReference = F951443C1CA5BBE90027AA33 /* TwitterFabric.app */;
			productType = "com.apple.product-type.application";
		};
/* End PBXNativeTarget section */

/* Begin PBXProject section */
		F95144341CA5BBE90027AA33 /* Project object */ = {
			isa = PBXProject;
			attributes = {
				LastSwiftUpdateCheck = 0730;
				LastUpgradeCheck = 0730;
				ORGANIZATIONNAME = "Michael Ceraso";
				TargetAttributes = {
					F951443B1CA5BBE90027AA33 = {
						CreatedOnToolsVersion = 7.3;
						DevelopmentTeam = FFN22Q7TH6;
					};
				};
			};
			buildConfigurationList = F95144371CA5BBE90027AA33 /* Build configuration list for PBXProject "TwitterFabric" */;
			compatibilityVersion = "Xcode 3.2";
			developmentRegion = English;
			hasScannedForEncodings = 0;
			knownRegions = (
				en,
				Base,
			);
			mainGroup = F95144331CA5BBE90027AA33;
			productRefGroup = F951443D1CA5BBE90027AA33 /* Products */;
			projectDirPath = "";
			projectRoot = "";
			targets = (
				F951443B1CA5BBE90027AA33 /* TwitterFabric */,
			);
		};
/* End PBXProject section */

/* Begin PBXResourcesBuildPhase section */
		F951443A1CA5BBE90027AA33 /* Resources */ = {
			isa = PBXResourcesBuildPhase;
			buildActionMask = 2147483647;
			files = (
				F95144581CA5BC8F0027AA33 /* TwitterKitResources.bundle in Resources */,
				F951444A1CA5BBEB0027AA33 /* LaunchScreen.storyboard in Resources */,
				F95144471CA5BBEB0027AA33 /* Assets.xcassets in Resources */,
				F95144451CA5BBEB0027AA33 /* Main.storyboard in Resources */,
			);
			runOnlyForDeploymentPostprocessing = 0;
		};
/* End PBXResourcesBuildPhase section */

/* Begin PBXShellScriptBuildPhase section */
		F95144511CA5BC260027AA33 /* ShellScript */ = {
			isa = PBXShellScriptBuildPhase;
			buildActionMask = 2147483647;
			files = (
			);
			inputPaths = (
			);
			outputPaths = (
			);
			runOnlyForDeploymentPostprocessing = 0;
			shellPath = /bin/sh;
			shellScript = "./Fabric.framework/run 25340281b0e0c951f94ae4e6b2a998e87ea63519 10d18b53f323c1fb58651f1806c1994cb2c38994d83a8c837e6937280e0581dd";
		};
/* End PBXShellScriptBuildPhase section */

/* Begin PBXSourcesBuildPhase section */
		F95144381CA5BBE90027AA33 /* Sources */ = {
			isa = PBXSourcesBuildPhase;
			buildActionMask = 2147483647;
			files = (
				F9CFE4331CA5D6B20066BB47 /* UserTimelineViewController.swift in Sources */,
				F95144401CA5BBEB0027AA33 /* AppDelegate.swift in Sources */,
			);
			runOnlyForDeploymentPostprocessing = 0;
		};
/* End PBXSourcesBuildPhase section */

/* Begin PBXVariantGroup section */
		F95144431CA5BBEB0027AA33 /* Main.storyboard */ = {
			isa = PBXVariantGroup;
			children = (
				F95144441CA5BBEB0027AA33 /* Base */,
			);
			name = Main.storyboard;
			sourceTree = "<group>";
		};
		F95144481CA5BBEB0027AA33 /* LaunchScreen.storyboard */ = {
			isa = PBXVariantGroup;
			children = (
				F95144491CA5BBEB0027AA33 /* Base */,
			);
			name = LaunchScreen.storyboard;
			sourceTree = "<group>";
		};
/* End PBXVariantGroup section */

/* Begin XCBuildConfiguration section */
		F951444C1CA5BBEB0027AA33 /* Debug */ = {
			isa = XCBuildConfiguration;
			buildSettings = {
				ALWAYS_SEARCH_USER_PATHS = NO;
				CLANG_ANALYZER_NONNULL = YES;
				CLANG_CXX_LANGUAGE_STANDARD = "gnu++0x";
				CLANG_CXX_LIBRARY = "libc++";
				CLANG_ENABLE_MODULES = YES;
				CLANG_ENABLE_OBJC_ARC = YES;
				CLANG_WARN_BOOL_CONVERSION = YES;
				CLANG_WARN_CONSTANT_CONVERSION = YES;
				CLANG_WARN_DIRECT_OBJC_ISA_USAGE = YES_ERROR;
				CLANG_WARN_EMPTY_BODY = YES;
				CLANG_WARN_ENUM_CONVERSION = YES;
				CLANG_WARN_INT_CONVERSION = YES;
				CLANG_WARN_OBJC_ROOT_CLASS = YES_ERROR;
				CLANG_WARN_UNREACHABLE_CODE = YES;
				CLANG_WARN__DUPLICATE_METHOD_MATCH = YES;
				"CODE_SIGN_IDENTITY[sdk=iphoneos*]" = "iPhone Developer";
				COPY_PHASE_STRIP = NO;
				DEBUG_INFORMATION_FORMAT = dwarf;
				ENABLE_STRICT_OBJC_MSGSEND = YES;
				ENABLE_TESTABILITY = YES;
				GCC_C_LANGUAGE_STANDARD = gnu99;
				GCC_DYNAMIC_NO_PIC = NO;
				GCC_NO_COMMON_BLOCKS = YES;
				GCC_OPTIMIZATION_LEVEL = 0;
				GCC_PREPROCESSOR_DEFINITIONS = (
					"DEBUG=1",
					"$(inherited)",
				);
				GCC_WARN_64_TO_32_BIT_CONVERSION = YES;
				GCC_WARN_ABOUT_RETURN_TYPE = YES_ERROR;
				GCC_WARN_UNDECLARED_SELECTOR = YES;
				GCC_WARN_UNINITIALIZED_AUTOS = YES_AGGRESSIVE;
				GCC_WARN_UNUSED_FUNCTION = YES;
				GCC_WARN_UNUSED_VARIABLE = YES;
				IPHONEOS_DEPLOYMENT_TARGET = 9.3;
				MTL_ENABLE_DEBUG_INFO = YES;
				ONLY_ACTIVE_ARCH = YES;
				SDKROOT = iphoneos;
				SWIFT_OPTIMIZATION_LEVEL = "-Onone";
			};
			name = Debug;
		};
		F951444D1CA5BBEB0027AA33 /* Release */ = {
			isa = XCBuildConfiguration;
			buildSettings = {
				ALWAYS_SEARCH_USER_PATHS = NO;
				CLANG_ANALYZER_NONNULL = YES;
				CLANG_CXX_LANGUAGE_STANDARD = "gnu++0x";
				CLANG_CXX_LIBRARY = "libc++";
				CLANG_ENABLE_MODULES = YES;
				CLANG_ENABLE_OBJC_ARC = YES;
				CLANG_WARN_BOOL_CONVERSION = YES;
				CLANG_WARN_CONSTANT_CONVERSION = YES;
				CLANG_WARN_DIRECT_OBJC_ISA_USAGE = YES_ERROR;
				CLANG_WARN_EMPTY_BODY = YES;
				CLANG_WARN_ENUM_CONVERSION = YES;
				CLANG_WARN_INT_CONVERSION = YES;
				CLANG_WARN_OBJC_ROOT_CLASS = YES_ERROR;
				CLANG_WARN_UNREACHABLE_CODE = YES;
				CLANG_WARN__DUPLICATE_METHOD_MATCH = YES;
				"CODE_SIGN_IDENTITY[sdk=iphoneos*]" = "iPhone Developer";
				COPY_PHASE_STRIP = NO;
				DEBUG_INFORMATION_FORMAT = "dwarf-with-dsym";
				ENABLE_NS_ASSERTIONS = NO;
				ENABLE_STRICT_OBJC_MSGSEND = YES;
				GCC_C_LANGUAGE_STANDARD = gnu99;
				GCC_NO_COMMON_BLOCKS = YES;
				GCC_WARN_64_TO_32_BIT_CONVERSION = YES;
				GCC_WARN_ABOUT_RETURN_TYPE = YES_ERROR;
				GCC_WARN_UNDECLARED_SELECTOR = YES;
				GCC_WARN_UNINITIALIZED_AUTOS = YES_AGGRESSIVE;
				GCC_WARN_UNUSED_FUNCTION = YES;
				GCC_WARN_UNUSED_VARIABLE = YES;
				IPHONEOS_DEPLOYMENT_TARGET = 9.3;
				MTL_ENABLE_DEBUG_INFO = NO;
				SDKROOT = iphoneos;
				VALIDATE_PRODUCT = YES;
			};
			name = Release;
		};
		F951444F1CA5BBEB0027AA33 /* Debug */ = {
			isa = XCBuildConfiguration;
			buildSettings = {
				ASSETCATALOG_COMPILER_APPICON_NAME = AppIcon;
				DEBUG_INFORMATION_FORMAT = "dwarf-with-dsym";
				FRAMEWORK_SEARCH_PATHS = (
					"$(inherited)",
					"$(PROJECT_DIR)",
				);
				INFOPLIST_FILE = TwitterFabric/Info.plist;
				LD_RUNPATH_SEARCH_PATHS = "$(inherited) @executable_path/Frameworks";
				PRODUCT_BUNDLE_IDENTIFIER = Codepath.TwitterFabric;
				PRODUCT_NAME = "$(TARGET_NAME)";
			};
			name = Debug;
		};
		F95144501CA5BBEB0027AA33 /* Release */ = {
			isa = XCBuildConfiguration;
			buildSettings = {
				ASSETCATALOG_COMPILER_APPICON_NAME = AppIcon;
				FRAMEWORK_SEARCH_PATHS = (
					"$(inherited)",
					"$(PROJECT_DIR)",
				);
				INFOPLIST_FILE = TwitterFabric/Info.plist;
				LD_RUNPATH_SEARCH_PATHS = "$(inherited) @executable_path/Frameworks";
				PRODUCT_BUNDLE_IDENTIFIER = Codepath.TwitterFabric;
				PRODUCT_NAME = "$(TARGET_NAME)";
			};
			name = Release;
		};
/* End XCBuildConfiguration section */

/* Begin XCConfigurationList section */
		F95144371CA5BBE90027AA33 /* Build configuration list for PBXProject "TwitterFabric" */ = {
			isa = XCConfigurationList;
			buildConfigurations = (
				F951444C1CA5BBEB0027AA33 /* Debug */,
				F951444D1CA5BBEB0027AA33 /* Release */,
			);
			defaultConfigurationIsVisible = 0;
			defaultConfigurationName = Release;
		};
		F951444E1CA5BBEB0027AA33 /* Build configuration list for PBXNativeTarget "TwitterFabric" */ = {
			isa = XCConfigurationList;
			buildConfigurations = (
				F951444F1CA5BBEB0027AA33 /* Debug */,
				F95144501CA5BBEB0027AA33 /* Release */,
			);
			defaultConfigurationIsVisible = 0;
			defaultConfigurationName = Release;
		};
/* End XCConfigurationList section */
	};
	rootObject = F95144341CA5BBE90027AA33 /* Project object */;
}
